// !$*UTF8*$!
{
	archiveVersion = 1;
	classes = {
	};
	objectVersion = 50;
	objects = {

/* Begin PBXBuildFile section */
		B5191BC12233EFE9006311D6 /* CategoryViewController.swift in Sources */ = {isa = PBXBuildFile; fileRef = B5191BC02233EFE9006311D6 /* CategoryViewController.swift */; };
		B53EAD3822305F81007999C8 /* DataModel.xcdatamodeld in Sources */ = {isa = PBXBuildFile; fileRef = B53EAD3622305F81007999C8 /* DataModel.xcdatamodeld */; };
		B59728E7222DB0DB00161E24 /* AppDelegate.swift in Sources */ = {isa = PBXBuildFile; fileRef = B59728E6222DB0DB00161E24 /* AppDelegate.swift */; };
		B59728E9222DB0DB00161E24 /* TodoListViewController.swift in Sources */ = {isa = PBXBuildFile; fileRef = B59728E8222DB0DB00161E24 /* TodoListViewController.swift */; };
		B59728EC222DB0DB00161E24 /* Main.storyboard in Resources */ = {isa = PBXBuildFile; fileRef = B59728EA222DB0DB00161E24 /* Main.storyboard */; };
		B59728EE222DB0DF00161E24 /* Assets.xcassets in Resources */ = {isa = PBXBuildFile; fileRef = B59728ED222DB0DF00161E24 /* Assets.xcassets */; };
		B59728F1222DB0DF00161E24 /* LaunchScreen.storyboard in Resources */ = {isa = PBXBuildFile; fileRef = B59728EF222DB0DF00161E24 /* LaunchScreen.storyboard */; };
		BA9BBBF5C14897D8245B593B /* Pods_Todome.framework in Frameworks */ = {isa = PBXBuildFile; fileRef = 541A9BB0CB972899984274A0 /* Pods_Todome.framework */; };
/* End PBXBuildFile section */

/* Begin PBXFileReference section */
		541A9BB0CB972899984274A0 /* Pods_Todome.framework */ = {isa = PBXFileReference; explicitFileType = wrapper.framework; includeInIndex = 0; path = Pods_Todome.framework; sourceTree = BUILT_PRODUCTS_DIR; };
		5B03F280C73A644EAB77AD3E /* Pods-Todome.debug.xcconfig */ = {isa = PBXFileReference; includeInIndex = 1; lastKnownFileType = text.xcconfig; name = "Pods-Todome.debug.xcconfig"; path = "Target Support Files/Pods-Todome/Pods-Todome.debug.xcconfig"; sourceTree = "<group>"; };
		B5191BC02233EFE9006311D6 /* CategoryViewController.swift */ = {isa = PBXFileReference; lastKnownFileType = sourcecode.swift; path = CategoryViewController.swift; sourceTree = "<group>"; };
		B53EAD3722305F81007999C8 /* DataModel.xcdatamodel */ = {isa = PBXFileReference; lastKnownFileType = wrapper.xcdatamodel; path = DataModel.xcdatamodel; sourceTree = "<group>"; };
		B59728E3222DB0DB00161E24 /* Todome.app */ = {isa = PBXFileReference; explicitFileType = wrapper.application; includeInIndex = 0; path = Todome.app; sourceTree = BUILT_PRODUCTS_DIR; };
		B59728E6222DB0DB00161E24 /* AppDelegate.swift */ = {isa = PBXFileReference; lastKnownFileType = sourcecode.swift; path = AppDelegate.swift; sourceTree = "<group>"; };
		B59728E8222DB0DB00161E24 /* TodoListViewController.swift */ = {isa = PBXFileReference; lastKnownFileType = sourcecode.swift; path = TodoListViewController.swift; sourceTree = "<group>"; };
		B59728EB222DB0DB00161E24 /* Base */ = {isa = PBXFileReference; lastKnownFileType = file.storyboard; name = Base; path = Base.lproj/Main.storyboard; sourceTree = "<group>"; };
		B59728ED222DB0DF00161E24 /* Assets.xcassets */ = {isa = PBXFileReference; lastKnownFileType = folder.assetcatalog; path = Assets.xcassets; sourceTree = "<group>"; };
		B59728F0222DB0DF00161E24 /* Base */ = {isa = PBXFileReference; lastKnownFileType = file.storyboard; name = Base; path = Base.lproj/LaunchScreen.storyboard; sourceTree = "<group>"; };
		B59728F2222DB0DF00161E24 /* Info.plist */ = {isa = PBXFileReference; lastKnownFileType = text.plist.xml; path = Info.plist; sourceTree = "<group>"; };
		D70EDE7326AB8DDB34E277D1 /* Pods-Todome.release.xcconfig */ = {isa = PBXFileReference; includeInIndex = 1; lastKnownFileType = text.xcconfig; name = "Pods-Todome.release.xcconfig"; path = "Target Support Files/Pods-Todome/Pods-Todome.release.xcconfig"; sourceTree = "<group>"; };
/* End PBXFileReference section */

/* Begin PBXFrameworksBuildPhase section */
		B59728E0222DB0DB00161E24 /* Frameworks */ = {
			isa = PBXFrameworksBuildPhase;
			buildActionMask = 2147483647;
			files = (
				BA9BBBF5C14897D8245B593B /* Pods_Todome.framework in Frameworks */,
			);
			runOnlyForDeploymentPostprocessing = 0;
		};
/* End PBXFrameworksBuildPhase section */

/* Begin PBXGroup section */
		2B7433E33D325B673E59A1C1 /* Pods */ = {
			isa = PBXGroup;
			children = (
				5B03F280C73A644EAB77AD3E /* Pods-Todome.debug.xcconfig */,
				D70EDE7326AB8DDB34E277D1 /* Pods-Todome.release.xcconfig */,
			);
			name = Pods;
			path = Pods;
			sourceTree = "<group>";
		};
		524A3E4F27D54FA27D968762 /* Frameworks */ = {
			isa = PBXGroup;
			children = (
				541A9BB0CB972899984274A0 /* Pods_Todome.framework */,
			);
			name = Frameworks;
			sourceTree = "<group>";
		};
		B53EAD30222EF4BE007999C8 /* Model */ = {
			isa = PBXGroup;
			children = (
				B53EAD3622305F81007999C8 /* DataModel.xcdatamodeld */,
			);
			path = Model;
			sourceTree = "<group>";
		};
		B53EAD33222EF548007999C8 /* Controllers */ = {
			isa = PBXGroup;
			children = (
				B59728E6222DB0DB00161E24 /* AppDelegate.swift */,
				B5191BC02233EFE9006311D6 /* CategoryViewController.swift */,
				B59728E8222DB0DB00161E24 /* TodoListViewController.swift */,
			);
			path = Controllers;
			sourceTree = "<group>";
		};
		B53EAD34222EF567007999C8 /* View */ = {
			isa = PBXGroup;
			children = (
				B59728EA222DB0DB00161E24 /* Main.storyboard */,
			);
			path = View;
			sourceTree = "<group>";
		};
		B53EAD35222EF593007999C8 /* Supporting Files */ = {
			isa = PBXGroup;
			children = (
				B59728ED222DB0DF00161E24 /* Assets.xcassets */,
				B59728EF222DB0DF00161E24 /* LaunchScreen.storyboard */,
			);
			path = "Supporting Files";
			sourceTree = "<group>";
		};
		B59728DA222DB0DB00161E24 = {
			isa = PBXGroup;
			children = (
				B59728E5222DB0DB00161E24 /* Todome */,
				B59728E4222DB0DB00161E24 /* Products */,
				2B7433E33D325B673E59A1C1 /* Pods */,
				524A3E4F27D54FA27D968762 /* Frameworks */,
			);
			sourceTree = "<group>";
		};
		B59728E4222DB0DB00161E24 /* Products */ = {
			isa = PBXGroup;
			children = (
				B59728E3222DB0DB00161E24 /* Todome.app */,
			);
			name = Products;
			sourceTree = "<group>";
		};
		B59728E5222DB0DB00161E24 /* Todome */ = {
			isa = PBXGroup;
			children = (
				B53EAD30222EF4BE007999C8 /* Model */,
				B53EAD33222EF548007999C8 /* Controllers */,
				B53EAD34222EF567007999C8 /* View */,
				B53EAD35222EF593007999C8 /* Supporting Files */,
				B59728F2222DB0DF00161E24 /* Info.plist */,
			);
			path = Todome;
			sourceTree = "<group>";
		};
/* End PBXGroup section */

/* Begin PBXNativeTarget section */
		B59728E2222DB0DB00161E24 /* Todome */ = {
			isa = PBXNativeTarget;
			buildConfigurationList = B59728F5222DB0DF00161E24 /* Build configuration list for PBXNativeTarget "Todome" */;
			buildPhases = (
				49A4598B33D9EC92F51DF1ED /* [CP] Check Pods Manifest.lock */,
				B59728DF222DB0DB00161E24 /* Sources */,
				B59728E0222DB0DB00161E24 /* Frameworks */,
				B59728E1222DB0DB00161E24 /* Resources */,
				16CA9151A705354996291EE8 /* [CP] Embed Pods Frameworks */,
			);
			buildRules = (
			);
			dependencies = (
			);
			name = Todome;
			productName = Todome;
			productReference = B59728E3222DB0DB00161E24 /* Todome.app */;
			productType = "com.apple.product-type.application";
		};
/* End PBXNativeTarget section */

/* Begin PBXProject section */
		B59728DB222DB0DB00161E24 /* Project object */ = {
			isa = PBXProject;
			attributes = {
				LastSwiftUpdateCheck = 1010;
				LastUpgradeCheck = 1010;
				ORGANIZATIONNAME = Konstantin;
				TargetAttributes = {
					B59728E2222DB0DB00161E24 = {
						CreatedOnToolsVersion = 10.1;
					};
				};
			};
			buildConfigurationList = B59728DE222DB0DB00161E24 /* Build configuration list for PBXProject "Todome" */;
			compatibilityVersion = "Xcode 9.3";
			developmentRegion = en;
			hasScannedForEncodings = 0;
			knownRegions = (
				en,
				Base,
			);
			mainGroup = B59728DA222DB0DB00161E24;
			productRefGroup = B59728E4222DB0DB00161E24 /* Products */;
			projectDirPath = "";
			projectRoot = "";
			targets = (
				B59728E2222DB0DB00161E24 /* Todome */,
			);
		};
/* End PBXProject section */

/* Begin PBXResourcesBuildPhase section */
		B59728E1222DB0DB00161E24 /* Resources */ = {
			isa = PBXResourcesBuildPhase;
			buildActionMask = 2147483647;
			files = (
				B59728F1222DB0DF00161E24 /* LaunchScreen.storyboard in Resources */,
				B59728EE222DB0DF00161E24 /* Assets.xcassets in Resources */,
				B59728EC222DB0DB00161E24 /* Main.storyboard in Resources */,
			);
			runOnlyForDeploymentPostprocessing = 0;
		};
/* End PBXResourcesBuildPhase section */

/* Begin PBXShellScriptBuildPhase section */
		16CA9151A705354996291EE8 /* [CP] Embed Pods Frameworks */ = {
			isa = PBXShellScriptBuildPhase;
			buildActionMask = 2147483647;
			files = (
			);
			inputFileListPaths = (
			);
			inputPaths = (
				"${PODS_ROOT}/Target Support Files/Pods-Todome/Pods-Todome-frameworks.sh",
				"${BUILT_PRODUCTS_DIR}/Realm/Realm.framework",
				"${BUILT_PRODUCTS_DIR}/RealmSwift/RealmSwift.framework",
			);
			name = "[CP] Embed Pods Frameworks";
			outputFileListPaths = (
			);
			outputPaths = (
				"${TARGET_BUILD_DIR}/${FRAMEWORKS_FOLDER_PATH}/Realm.framework",
				"${TARGET_BUILD_DIR}/${FRAMEWORKS_FOLDER_PATH}/RealmSwift.framework",
			);
			runOnlyForDeploymentPostprocessing = 0;
			shellPath = /bin/sh;
			shellScript = "\"${PODS_ROOT}/Target Support Files/Pods-Todome/Pods-Todome-frameworks.sh\"\n";
			showEnvVarsInLog = 0;
		};
		49A4598B33D9EC92F51DF1ED /* [CP] Check Pods Manifest.lock */ = {
			isa = PBXShellScriptBuildPhase;
			buildActionMask = 2147483647;
			files = (
			);
			inputFileListPaths = (
			);
			inputPaths = (
				"${PODS_PODFILE_DIR_PATH}/Podfile.lock",
				"${PODS_ROOT}/Manifest.lock",
			);
			name = "[CP] Check Pods Manifest.lock";
			outputFileListPaths = (
			);
			outputPaths = (
				"$(DERIVED_FILE_DIR)/Pods-Todome-checkManifestLockResult.txt",
			);
			runOnlyForDeploymentPostprocessing = 0;
			shellPath = /bin/sh;
			shellScript = "diff \"${PODS_PODFILE_DIR_PATH}/Podfile.lock\" \"${PODS_ROOT}/Manifest.lock\" > /dev/null\nif [ $? != 0 ] ; then\n    # print error to STDERR\n    echo \"error: The sandbox is not in sync with the Podfile.lock. Run 'pod install' or update your CocoaPods installation.\" >&2\n    exit 1\nfi\n# This output is used by Xcode 'outputs' to avoid re-running this script phase.\necho \"SUCCESS\" > \"${SCRIPT_OUTPUT_FILE_0}\"\n";
			showEnvVarsInLog = 0;
		};
/* End PBXShellScriptBuildPhase section */

/* Begin PBXSourcesBuildPhase section */
		B59728DF222DB0DB00161E24 /* Sources */ = {
			isa = PBXSourcesBuildPhase;
			buildActionMask = 2147483647;
			files = (
				B5191BC12233EFE9006311D6 /* CategoryViewController.swift in Sources */,
				B59728E9222DB0DB00161E24 /* TodoListViewController.swift in Sources */,
				B53EAD3822305F81007999C8 /* DataModel.xcdatamodeld in Sources */,
				B59728E7222DB0DB00161E24 /* AppDelegate.swift in Sources */,
			);
			runOnlyForDeploymentPostprocessing = 0;
		};
/* End PBXSourcesBuildPhase section */

/* Begin PBXVariantGroup section */
		B59728EA222DB0DB00161E24 /* Main.storyboard */ = {
			isa = PBXVariantGroup;
			children = (
				B59728EB222DB0DB00161E24 /* Base */,
			);
			name = Main.storyboard;
			sourceTree = "<group>";
		};
		B59728EF222DB0DF00161E24 /* LaunchScreen.storyboard */ = {
			isa = PBXVariantGroup;
			children = (
				B59728F0222DB0DF00161E24 /* Base */,
			);
			name = LaunchScreen.storyboard;
			sourceTree = "<group>";
		};
/* End PBXVariantGroup section */

/* Begin XCBuildConfiguration section */
		B59728F3222DB0DF00161E24 /* Debug */ = {
			isa = XCBuildConfiguration;
			buildSettings = {
				ALWAYS_SEARCH_USER_PATHS = NO;
				CLANG_ANALYZER_NONNULL = YES;
				CLANG_ANALYZER_NUMBER_OBJECT_CONVERSION = YES_AGGRESSIVE;
				CLANG_CXX_LANGUAGE_STANDARD = "gnu++14";
				CLANG_CXX_LIBRARY = "libc++";
				CLANG_ENABLE_MODULES = YES;
				CLANG_ENABLE_OBJC_ARC = YES;
				CLANG_ENABLE_OBJC_WEAK = YES;
				CLANG_WARN_BLOCK_CAPTURE_AUTORELEASING = YES;
				CLANG_WARN_BOOL_CONVERSION = YES;
				CLANG_WARN_COMMA = YES;
				CLANG_WARN_CONSTANT_CONVERSION = YES;
				CLANG_WARN_DEPRECATED_OBJC_IMPLEMENTATIONS = YES;
				CLANG_WARN_DIRECT_OBJC_ISA_USAGE = YES_ERROR;
				CLANG_WARN_DOCUMENTATION_COMMENTS = YES;
				CLANG_WARN_EMPTY_BODY = YES;
				CLANG_WARN_ENUM_CONVERSION = YES;
				CLANG_WARN_INFINITE_RECURSION = YES;
				CLANG_WARN_INT_CONVERSION = YES;
				CLANG_WARN_NON_LITERAL_NULL_CONVERSION = YES;
				CLANG_WARN_OBJC_IMPLICIT_RETAIN_SELF = YES;
				CLANG_WARN_OBJC_LITERAL_CONVERSION = YES;
				CLANG_WARN_OBJC_ROOT_CLASS = YES_ERROR;
				CLANG_WARN_RANGE_LOOP_ANALYSIS = YES;
				CLANG_WARN_STRICT_PROTOTYPES = YES;
				CLANG_WARN_SUSPICIOUS_MOVE = YES;
				CLANG_WARN_UNGUARDED_AVAILABILITY = YES_AGGRESSIVE;
				CLANG_WARN_UNREACHABLE_CODE = YES;
				CLANG_WARN__DUPLICATE_METHOD_MATCH = YES;
				CODE_SIGN_IDENTITY = "iPhone Developer";
				COPY_PHASE_STRIP = NO;
				DEBUG_INFORMATION_FORMAT = dwarf;
				ENABLE_STRICT_OBJC_MSGSEND = YES;
				ENABLE_TESTABILITY = YES;
				GCC_C_LANGUAGE_STANDARD = gnu11;
				GCC_DYNAMIC_NO_PIC = NO;
				GCC_NO_COMMON_BLOCKS = YES;
				GCC_OPTIMIZATION_LEVEL = 0;
				GCC_PREPROCESSOR_DEFINITIONS = (
					"DEBUG=1",
					"$(inherited)",
				);
				GCC_WARN_64_TO_32_BIT_CONVERSION = YES;
				GCC_WARN_ABOUT_RETURN_TYPE = YES_ERROR;
				GCC_WARN_UNDECLARED_SELECTOR = YES;
				GCC_WARN_UNINITIALIZED_AUTOS = YES_AGGRESSIVE;
				GCC_WARN_UNUSED_FUNCTION = YES;
				GCC_WARN_UNUSED_VARIABLE = YES;
				IPHONEOS_DEPLOYMENT_TARGET = 12.1;
				MTL_ENABLE_DEBUG_INFO = INCLUDE_SOURCE;
				MTL_FAST_MATH = YES;
				ONLY_ACTIVE_ARCH = YES;
				SDKROOT = iphoneos;
				SWIFT_ACTIVE_COMPILATION_CONDITIONS = DEBUG;
				SWIFT_OPTIMIZATION_LEVEL = "-Onone";
			};
			name = Debug;
		};
		B59728F4222DB0DF00161E24 /* Release */ = {
			isa = XCBuildConfiguration;
			buildSettings = {
				ALWAYS_SEARCH_USER_PATHS = NO;
				CLANG_ANALYZER_NONNULL = YES;
				CLANG_ANALYZER_NUMBER_OBJECT_CONVERSION = YES_AGGRESSIVE;
				CLANG_CXX_LANGUAGE_STANDARD = "gnu++14";
				CLANG_CXX_LIBRARY = "libc++";
				CLANG_ENABLE_MODULES = YES;
				CLANG_ENABLE_OBJC_ARC = YES;
				CLANG_ENABLE_OBJC_WEAK = YES;
				CLANG_WARN_BLOCK_CAPTURE_AUTORELEASING = YES;
				CLANG_WARN_BOOL_CONVERSION = YES;
				CLANG_WARN_COMMA = YES;
				CLANG_WARN_CONSTANT_CONVERSION = YES;
				CLANG_WARN_DEPRECATED_OBJC_IMPLEMENTATIONS = YES;
				CLANG_WARN_DIRECT_OBJC_ISA_USAGE = YES_ERROR;
				CLANG_WARN_DOCUMENTATION_COMMENTS = YES;
				CLANG_WARN_EMPTY_BODY = YES;
				CLANG_WARN_ENUM_CONVERSION = YES;
				CLANG_WARN_INFINITE_RECURSION = YES;
				CLANG_WARN_INT_CONVERSION = YES;
				CLANG_WARN_NON_LITERAL_NULL_CONVERSION = YES;
				CLANG_WARN_OBJC_IMPLICIT_RETAIN_SELF = YES;
				CLANG_WARN_OBJC_LITERAL_CONVERSION = YES;
				CLANG_WARN_OBJC_ROOT_CLASS = YES_ERROR;
				CLANG_WARN_RANGE_LOOP_ANALYSIS = YES;
				CLANG_WARN_STRICT_PROTOTYPES = YES;
				CLANG_WARN_SUSPICIOUS_MOVE = YES;
				CLANG_WARN_UNGUARDED_AVAILABILITY = YES_AGGRESSIVE;
				CLANG_WARN_UNREACHABLE_CODE = YES;
				CLANG_WARN__DUPLICATE_METHOD_MATCH = YES;
				CODE_SIGN_IDENTITY = "iPhone Developer";
				COPY_PHASE_STRIP = NO;
				DEBUG_INFORMATION_FORMAT = "dwarf-with-dsym";
				ENABLE_NS_ASSERTIONS = NO;
				ENABLE_STRICT_OBJC_MSGSEND = YES;
				GCC_C_LANGUAGE_STANDARD = gnu11;
				GCC_NO_COMMON_BLOCKS = YES;
				GCC_WARN_64_TO_32_BIT_CONVERSION = YES;
				GCC_WARN_ABOUT_RETURN_TYPE = YES_ERROR;
				GCC_WARN_UNDECLARED_SELECTOR = YES;
				GCC_WARN_UNINITIALIZED_AUTOS = YES_AGGRESSIVE;
				GCC_WARN_UNUSED_FUNCTION = YES;
				GCC_WARN_UNUSED_VARIABLE = YES;
				IPHONEOS_DEPLOYMENT_TARGET = 12.1;
				MTL_ENABLE_DEBUG_INFO = NO;
				MTL_FAST_MATH = YES;
				SDKROOT = iphoneos;
				SWIFT_COMPILATION_MODE = wholemodule;
				SWIFT_OPTIMIZATION_LEVEL = "-O";
				VALIDATE_PRODUCT = YES;
			};
			name = Release;
		};
		B59728F6222DB0DF00161E24 /* Debug */ = {
			isa = XCBuildConfiguration;
			baseConfigurationReference = 5B03F280C73A644EAB77AD3E /* Pods-Todome.debug.xcconfig */;
			buildSettings = {
				ASSETCATALOG_COMPILER_APPICON_NAME = AppIcon;
				CODE_SIGN_STYLE = Automatic;
				DEVELOPMENT_TEAM = FZZ457X95J;
				INFOPLIST_FILE = Todome/Info.plist;
				LD_RUNPATH_SEARCH_PATHS = (
					"$(inherited)",
					"@executable_path/Frameworks",
				);
				PRODUCT_BUNDLE_IDENTIFIER = com.grahovsky.Todome;
				PRODUCT_NAME = "$(TARGET_NAME)";
				SWIFT_VERSION = 4.2;
				TARGETED_DEVICE_FAMILY = "1,2";
			};
			name = Debug;
		};
		B59728F7222DB0DF00161E24 /* Release */ = {
			isa = XCBuildConfiguration;
			baseConfigurationReference = D70EDE7326AB8DDB34E277D1 /* Pods-Todome.release.xcconfig */;
			buildSettings = {
				ASSETCATALOG_COMPILER_APPICON_NAME = AppIcon;
				CODE_SIGN_STYLE = Automatic;
				DEVELOPMENT_TEAM = FZZ457X95J;
				INFOPLIST_FILE = Todome/Info.plist;
				LD_RUNPATH_SEARCH_PATHS = (
					"$(inherited)",
					"@executable_path/Frameworks",
				);
				PRODUCT_BUNDLE_IDENTIFIER = com.grahovsky.Todome;
				PRODUCT_NAME = "$(TARGET_NAME)";
				SWIFT_VERSION = 4.2;
				TARGETED_DEVICE_FAMILY = "1,2";
			};
			name = Release;
		};
/* End XCBuildConfiguration section */

/* Begin XCConfigurationList section */
		B59728DE222DB0DB00161E24 /* Build configuration list for PBXProject "Todome" */ = {
			isa = XCConfigurationList;
			buildConfigurations = (
				B59728F3222DB0DF00161E24 /* Debug */,
				B59728F4222DB0DF00161E24 /* Release */,
			);
			defaultConfigurationIsVisible = 0;
			defaultConfigurationName = Release;
		};
		B59728F5222DB0DF00161E24 /* Build configuration list for PBXNativeTarget "Todome" */ = {
			isa = XCConfigurationList;
			buildConfigurations = (
				B59728F6222DB0DF00161E24 /* Debug */,
				B59728F7222DB0DF00161E24 /* Release */,
			);
			defaultConfigurationIsVisible = 0;
			defaultConfigurationName = Release;
		};
/* End XCConfigurationList section */

/* Begin XCVersionGroup section */
		B53EAD3622305F81007999C8 /* DataModel.xcdatamodeld */ = {
			isa = XCVersionGroup;
			children = (
				B53EAD3722305F81007999C8 /* DataModel.xcdatamodel */,
			);
			currentVersion = B53EAD3722305F81007999C8 /* DataModel.xcdatamodel */;
			path = DataModel.xcdatamodeld;
			sourceTree = "<group>";
			versionGroupType = wrapper.xcdatamodel;
		};
/* End XCVersionGroup section */
	};
	rootObject = B59728DB222DB0DB00161E24 /* Project object */;
}
